
Microsoft Visual Studio Solution File, Format Version 12.00
# Visual Studio Version 17
VisualStudioVersion = 17.3.32811.315
MinimumVisualStudioVersion = 10.0.40219.1
Project("{FAE04EC0-301F-11D3-BF4B-00C04F79EFBC}") = "MicroService-1", "MicroService-1\MicroService-1.csproj", "{3AAF2DD8-766A-4268-B842-A2609F8A1CA0}"
EndProject
Project("{FAE04EC0-301F-11D3-BF4B-00C04F79EFBC}") = "Microservice-2", "Microservice-2\Microservice-2.csproj", "{48C57DB1-2993-4B5D-817A-70F98DDD624E}"
EndProject
Global
	GlobalSection(SolutionConfigurationPlatforms) = preSolution
		Debug|Any CPU = Debug|Any CPU
		Release|Any CPU = Release|Any CPU
	EndGlobalSection
	GlobalSection(ProjectConfigurationPlatforms) = postSolution
		{3AAF2DD8-766A-4268-B842-A2609F8A1CA0}.Debug|Any CPU.ActiveCfg = Debug|Any CPU
		{3AAF2DD8-766A-4268-B842-A2609F8A1CA0}.Debug|Any CPU.Build.0 = Debug|Any CPU
		{3AAF2DD8-766A-4268-B842-A2609F8A1CA0}.Release|Any CPU.ActiveCfg = Release|Any CPU
		{3AAF2DD8-766A-4268-B842-A2609F8A1CA0}.Release|Any CPU.Build.0 = Release|Any CPU
		{48C57DB1-2993-4B5D-817A-70F98DDD624E}.Debug|Any CPU.ActiveCfg = Debug|Any CPU
		{48C57DB1-2993-4B5D-817A-70F98DDD624E}.Debug|Any CPU.Build.0 = Debug|Any CPU
		{48C57DB1-2993-4B5D-817A-70F98DDD624E}.Release|Any CPU.ActiveCfg = Release|Any CPU
		{48C57DB1-2993-4B5D-817A-70F98DDD624E}.Release|Any CPU.Build.0 = Release|Any CPU
	EndGlobalSection
	GlobalSection(SolutionProperties) = preSolution
		HideSolutionNode = FALSE
	EndGlobalSection
	GlobalSection(ExtensibilityGlobals) = postSolution
		SolutionGuid = {6089E8B9-1BF1-40A3-9BBF-DFAC99F0ACAA}
	EndGlobalSection
EndGlobal
